
Microsoft Visual Studio Solution File, Format Version 12.00
# Visual Studio Version 17
VisualStudioVersion = 17.7.34024.191
MinimumVisualStudioVersion = 10.0.40219.1
Project("{FAE04EC0-301F-11D3-BF4B-00C04F79EFBC}") = "ConsoleApp30", "ConsoleApp30\ConsoleApp30.csproj", "{3DBA80AF-5480-4154-920E-973BCD55988C}"
EndProject
Global
	GlobalSection(SolutionConfigurationPlatforms) = preSolution
		Debug|Any CPU = Debug|Any CPU
		Release|Any CPU = Release|Any CPU
	EndGlobalSection
	GlobalSection(ProjectConfigurationPlatforms) = postSolution
		{3DBA80AF-5480-4154-920E-973BCD55988C}.Debug|Any CPU.ActiveCfg = Debug|Any CPU
		{3DBA80AF-5480-4154-920E-973BCD55988C}.Debug|Any CPU.Build.0 = Debug|Any CPU
		{3DBA80AF-5480-4154-920E-973BCD55988C}.Release|Any CPU.ActiveCfg = Release|Any CPU
		{3DBA80AF-5480-4154-920E-973BCD55988C}.Release|Any CPU.Build.0 = Release|Any CPU
	EndGlobalSection
	GlobalSection(SolutionProperties) = preSolution
		HideSolutionNode = FALSE
	EndGlobalSection
	GlobalSection(ExtensibilityGlobals) = postSolution
		SolutionGuid = {6F8574FF-2C39-4ED8-B04E-1ADFC1D4E6BE}
	EndGlobalSection
EndGlobal
